
Microsoft Visual Studio Solution File, Format Version 12.00
# Visual Studio 15
VisualStudioVersion = 15.0.27130.2010
MinimumVisualStudioVersion = 10.0.40219.1
Project("{FAE04EC0-301F-11D3-BF4B-00C04F79EFBC}") = "HelloWorldMVC", "HelloWorldMVC\HelloWorldMVC.csproj", "{CBAADC18-4676-4B93-8BA9-8E1EDB86DD46}"
EndProject
Project("{FAE04EC0-301F-11D3-BF4B-00C04F79EFBC}") = "HelloWorldMVC.Tests", "HelloWorldMVC.Tests\HelloWorldMVC.Tests.csproj", "{A2C49D9B-7652-47B7-8F65-0FF6590BAE25}"
EndProject
Global
	GlobalSection(SolutionConfigurationPlatforms) = preSolution
		Debug|Any CPU = Debug|Any CPU
		Release|Any CPU = Release|Any CPU
	EndGlobalSection
	GlobalSection(ProjectConfigurationPlatforms) = postSolution
		{CBAADC18-4676-4B93-8BA9-8E1EDB86DD46}.Debug|Any CPU.ActiveCfg = Debug|Any CPU
		{CBAADC18-4676-4B93-8BA9-8E1EDB86DD46}.Debug|Any CPU.Build.0 = Debug|Any CPU
		{CBAADC18-4676-4B93-8BA9-8E1EDB86DD46}.Release|Any CPU.ActiveCfg = Release|Any CPU
		{CBAADC18-4676-4B93-8BA9-8E1EDB86DD46}.Release|Any CPU.Build.0 = Release|Any CPU
		{A2C49D9B-7652-47B7-8F65-0FF6590BAE25}.Debug|Any CPU.ActiveCfg = Debug|Any CPU
		{A2C49D9B-7652-47B7-8F65-0FF6590BAE25}.Debug|Any CPU.Build.0 = Debug|Any CPU
		{A2C49D9B-7652-47B7-8F65-0FF6590BAE25}.Release|Any CPU.ActiveCfg = Release|Any CPU
		{A2C49D9B-7652-47B7-8F65-0FF6590BAE25}.Release|Any CPU.Build.0 = Release|Any CPU
	EndGlobalSection
	GlobalSection(SolutionProperties) = preSolution
		HideSolutionNode = FALSE
	EndGlobalSection
	GlobalSection(ExtensibilityGlobals) = postSolution
		SolutionGuid = {6893888D-88D5-4531-9C64-F3DD048828AA}
	EndGlobalSection
EndGlobal
